// !$*UTF8*$!
{
	archiveVersion = 1;
	classes = {
	};
	objectVersion = 56;
	objects = {

/* Begin PBXBuildFile section */
		400AB5712BE1E818006A2AAB /* main.swift in Sources */ = {isa = PBXBuildFile; fileRef = 400AB5702BE1E818006A2AAB /* main.swift */; };
		400AB57C2BE1E95E006A2AAB /* 26. Remove Duplicates from Sorted Array.swift in Sources */ = {isa = PBXBuildFile; fileRef = 400AB57B2BE1E92B006A2AAB /* 26. Remove Duplicates from Sorted Array.swift */; };
		400AB5802BE1ED83006A2AAB /* 27. Remove Element.swift in Sources */ = {isa = PBXBuildFile; fileRef = 400AB57F2BE1ED83006A2AAB /* 27. Remove Element.swift */; };
		400AB5832BE5FA32006A2AAB /* ex1.swift in Sources */ = {isa = PBXBuildFile; fileRef = 400AB5822BE5FA32006A2AAB /* ex1.swift */; };
		400AB5852BE5FD5C006A2AAB /* Maximum Average Subarray I  .swift in Sources */ = {isa = PBXBuildFile; fileRef = 400AB5842BE5FD5C006A2AAB /* Maximum Average Subarray I  .swift */; };
		400AB5872BE60194006A2AAB /* Max Consecutive Ones III  .swift in Sources */ = {isa = PBXBuildFile; fileRef = 400AB5862BE60194006A2AAB /* Max Consecutive Ones III  .swift */; };
		400AB58A2BE8AAA1006A2AAB /* Running Sum of 1d Array  .swift in Sources */ = {isa = PBXBuildFile; fileRef = 400AB5892BE8AAA1006A2AAB /* Running Sum of 1d Array  .swift */; };
		400AB58C2BE8AD00006A2AAB /* Minimum Value to Get Positive Step by Step Sum.swift in Sources */ = {isa = PBXBuildFile; fileRef = 400AB58B2BE8AD00006A2AAB /* Minimum Value to Get Positive Step by Step Sum.swift */; };
		401B5E352BF0AC8200D953B2 /* Check if the Sentence Is Pangram  .swift in Sources */ = {isa = PBXBuildFile; fileRef = 401B5E342BF0AC8200D953B2 /* Check if the Sentence Is Pangram  .swift */; };
		401B5E372BF0AEF400D953B2 /* Missing Number.swift in Sources */ = {isa = PBXBuildFile; fileRef = 401B5E362BF0AEF400D953B2 /* Missing Number.swift */; };
/* End PBXBuildFile section */

/* Begin PBXCopyFilesBuildPhase section */
		400AB56B2BE1E818006A2AAB /* CopyFiles */ = {
			isa = PBXCopyFilesBuildPhase;
			buildActionMask = 2147483647;
			dstPath = /usr/share/man/man1/;
			dstSubfolderSpec = 0;
			files = (
			);
			runOnlyForDeploymentPostprocessing = 1;
		};
/* End PBXCopyFilesBuildPhase section */

/* Begin PBXFileReference section */
		400AB56D2BE1E818006A2AAB /* AlgorithmSeason2 */ = {isa = PBXFileReference; explicitFileType = "compiled.mach-o.executable"; includeInIndex = 0; path = AlgorithmSeason2; sourceTree = BUILT_PRODUCTS_DIR; };
		400AB5702BE1E818006A2AAB /* main.swift */ = {isa = PBXFileReference; lastKnownFileType = sourcecode.swift; path = main.swift; sourceTree = "<group>"; };
		400AB57B2BE1E92B006A2AAB /* 26. Remove Duplicates from Sorted Array.swift */ = {isa = PBXFileReference; lastKnownFileType = sourcecode.swift; path = "26. Remove Duplicates from Sorted Array.swift"; sourceTree = "<group>"; };
		400AB57F2BE1ED83006A2AAB /* 27. Remove Element.swift */ = {isa = PBXFileReference; lastKnownFileType = sourcecode.swift; path = "27. Remove Element.swift"; sourceTree = "<group>"; };
		400AB5822BE5FA32006A2AAB /* ex1.swift */ = {isa = PBXFileReference; lastKnownFileType = sourcecode.swift; path = ex1.swift; sourceTree = "<group>"; };
		400AB5842BE5FD5C006A2AAB /* Maximum Average Subarray I  .swift */ = {isa = PBXFileReference; lastKnownFileType = sourcecode.swift; path = "Maximum Average Subarray I  .swift"; sourceTree = "<group>"; };
		400AB5862BE60194006A2AAB /* Max Consecutive Ones III  .swift */ = {isa = PBXFileReference; lastKnownFileType = sourcecode.swift; path = "Max Consecutive Ones III  .swift"; sourceTree = "<group>"; };
		400AB5892BE8AAA1006A2AAB /* Running Sum of 1d Array  .swift */ = {isa = PBXFileReference; lastKnownFileType = sourcecode.swift; path = "Running Sum of 1d Array  .swift"; sourceTree = "<group>"; };
		400AB58B2BE8AD00006A2AAB /* Minimum Value to Get Positive Step by Step Sum.swift */ = {isa = PBXFileReference; lastKnownFileType = sourcecode.swift; path = "Minimum Value to Get Positive Step by Step Sum.swift"; sourceTree = "<group>"; };
		401B5E342BF0AC8200D953B2 /* Check if the Sentence Is Pangram  .swift */ = {isa = PBXFileReference; lastKnownFileType = sourcecode.swift; path = "Check if the Sentence Is Pangram  .swift"; sourceTree = "<group>"; };
		401B5E362BF0AEF400D953B2 /* Missing Number.swift */ = {isa = PBXFileReference; lastKnownFileType = sourcecode.swift; path = "Missing Number.swift"; sourceTree = "<group>"; };
/* End PBXFileReference section */

/* Begin PBXFrameworksBuildPhase section */
		400AB56A2BE1E818006A2AAB /* Frameworks */ = {
			isa = PBXFrameworksBuildPhase;
			buildActionMask = 2147483647;
			files = (
			);
			runOnlyForDeploymentPostprocessing = 0;
		};
/* End PBXFrameworksBuildPhase section */

/* Begin PBXGroup section */
		400AB5642BE1E817006A2AAB = {
			isa = PBXGroup;
			children = (
				400AB56F2BE1E818006A2AAB /* AlgorithmSeason2 */,
				400AB56E2BE1E818006A2AAB /* Products */,
			);
			sourceTree = "<group>";
		};
		400AB56E2BE1E818006A2AAB /* Products */ = {
			isa = PBXGroup;
			children = (
				400AB56D2BE1E818006A2AAB /* AlgorithmSeason2 */,
			);
			name = Products;
			sourceTree = "<group>";
		};
		400AB56F2BE1E818006A2AAB /* AlgorithmSeason2 */ = {
			isa = PBXGroup;
			children = (
				400AB5772BE1E8F7006A2AAB /* leetcode */,
				400AB5702BE1E818006A2AAB /* main.swift */,
			);
			path = AlgorithmSeason2;
			sourceTree = "<group>";
		};
		400AB5772BE1E8F7006A2AAB /* leetcode */ = {
			isa = PBXGroup;
			children = (
				401B5E332BF0AC7E00D953B2 /* Hash */,
				400AB57A2BE1E927006A2AAB /* Array */,
			);
			path = leetcode;
			sourceTree = "<group>";
		};
		400AB57A2BE1E927006A2AAB /* Array */ = {
			isa = PBXGroup;
			children = (
				400AB5882BE8AA96006A2AAB /* PrefixSum */,
				400AB5812BE5FA25006A2AAB /* SlidingWindow */,
				400AB57B2BE1E92B006A2AAB /* 26. Remove Duplicates from Sorted Array.swift */,
				400AB57F2BE1ED83006A2AAB /* 27. Remove Element.swift */,
			);
			path = Array;
			sourceTree = "<group>";
		};
		400AB5812BE5FA25006A2AAB /* SlidingWindow */ = {
			isa = PBXGroup;
			children = (
				400AB5822BE5FA32006A2AAB /* ex1.swift */,
				400AB5842BE5FD5C006A2AAB /* Maximum Average Subarray I  .swift */,
				400AB5862BE60194006A2AAB /* Max Consecutive Ones III  .swift */,
			);
			path = SlidingWindow;
			sourceTree = "<group>";
		};
		400AB5882BE8AA96006A2AAB /* PrefixSum */ = {
			isa = PBXGroup;
			children = (
				400AB5892BE8AAA1006A2AAB /* Running Sum of 1d Array  .swift */,
				400AB58B2BE8AD00006A2AAB /* Minimum Value to Get Positive Step by Step Sum.swift */,
			);
			path = PrefixSum;
			sourceTree = "<group>";
		};
		401B5E332BF0AC7E00D953B2 /* Hash */ = {
			isa = PBXGroup;
			children = (
				401B5E342BF0AC8200D953B2 /* Check if the Sentence Is Pangram  .swift */,
				401B5E362BF0AEF400D953B2 /* Missing Number.swift */,
			);
			path = Hash;
			sourceTree = "<group>";
		};
/* End PBXGroup section */

/* Begin PBXNativeTarget section */
		400AB56C2BE1E818006A2AAB /* AlgorithmSeason2 */ = {
			isa = PBXNativeTarget;
			buildConfigurationList = 400AB5742BE1E818006A2AAB /* Build configuration list for PBXNativeTarget "AlgorithmSeason2" */;
			buildPhases = (
				400AB5692BE1E818006A2AAB /* Sources */,
				400AB56A2BE1E818006A2AAB /* Frameworks */,
				400AB56B2BE1E818006A2AAB /* CopyFiles */,
			);
			buildRules = (
			);
			dependencies = (
			);
			name = AlgorithmSeason2;
			productName = AlgorithmSeason2;
			productReference = 400AB56D2BE1E818006A2AAB /* AlgorithmSeason2 */;
			productType = "com.apple.product-type.tool";
		};
/* End PBXNativeTarget section */

/* Begin PBXProject section */
		400AB5652BE1E817006A2AAB /* Project object */ = {
			isa = PBXProject;
			attributes = {
				BuildIndependentTargetsInParallel = 1;
				LastSwiftUpdateCheck = 1500;
				LastUpgradeCheck = 1500;
				TargetAttributes = {
					400AB56C2BE1E818006A2AAB = {
						CreatedOnToolsVersion = 15.0;
					};
				};
			};
			buildConfigurationList = 400AB5682BE1E817006A2AAB /* Build configuration list for PBXProject "AlgorithmSeason2" */;
			compatibilityVersion = "Xcode 14.0";
			developmentRegion = en;
			hasScannedForEncodings = 0;
			knownRegions = (
				en,
				Base,
			);
			mainGroup = 400AB5642BE1E817006A2AAB;
			productRefGroup = 400AB56E2BE1E818006A2AAB /* Products */;
			projectDirPath = "";
			projectRoot = "";
			targets = (
				400AB56C2BE1E818006A2AAB /* AlgorithmSeason2 */,
			);
		};
/* End PBXProject section */

/* Begin PBXSourcesBuildPhase section */
		400AB5692BE1E818006A2AAB /* Sources */ = {
			isa = PBXSourcesBuildPhase;
			buildActionMask = 2147483647;
			files = (
				401B5E372BF0AEF400D953B2 /* Missing Number.swift in Sources */,
				400AB5852BE5FD5C006A2AAB /* Maximum Average Subarray I  .swift in Sources */,
				400AB5712BE1E818006A2AAB /* main.swift in Sources */,
				400AB58A2BE8AAA1006A2AAB /* Running Sum of 1d Array  .swift in Sources */,
				401B5E352BF0AC8200D953B2 /* Check if the Sentence Is Pangram  .swift in Sources */,
				400AB5802BE1ED83006A2AAB /* 27. Remove Element.swift in Sources */,
				400AB5832BE5FA32006A2AAB /* ex1.swift in Sources */,
				400AB5872BE60194006A2AAB /* Max Consecutive Ones III  .swift in Sources */,
				400AB58C2BE8AD00006A2AAB /* Minimum Value to Get Positive Step by Step Sum.swift in Sources */,
				400AB57C2BE1E95E006A2AAB /* 26. Remove Duplicates from Sorted Array.swift in Sources */,
			);
			runOnlyForDeploymentPostprocessing = 0;
		};
/* End PBXSourcesBuildPhase section */

/* Begin XCBuildConfiguration section */
		400AB5722BE1E818006A2AAB /* Debug */ = {
			isa = XCBuildConfiguration;
			buildSettings = {
				ALWAYS_SEARCH_USER_PATHS = NO;
				ASSETCATALOG_COMPILER_GENERATE_SWIFT_ASSET_SYMBOL_EXTENSIONS = YES;
				CLANG_ANALYZER_NONNULL = YES;
				CLANG_ANALYZER_NUMBER_OBJECT_CONVERSION = YES_AGGRESSIVE;
				CLANG_CXX_LANGUAGE_STANDARD = "gnu++20";
				CLANG_ENABLE_MODULES = YES;
				CLANG_ENABLE_OBJC_ARC = YES;
				CLANG_ENABLE_OBJC_WEAK = YES;
				CLANG_WARN_BLOCK_CAPTURE_AUTORELEASING = YES;
				CLANG_WARN_BOOL_CONVERSION = YES;
				CLANG_WARN_COMMA = YES;
				CLANG_WARN_CONSTANT_CONVERSION = YES;
				CLANG_WARN_DEPRECATED_OBJC_IMPLEMENTATIONS = YES;
				CLANG_WARN_DIRECT_OBJC_ISA_USAGE = YES_ERROR;
				CLANG_WARN_DOCUMENTATION_COMMENTS = YES;
				CLANG_WARN_EMPTY_BODY = YES;
				CLANG_WARN_ENUM_CONVERSION = YES;
				CLANG_WARN_INFINITE_RECURSION = YES;
				CLANG_WARN_INT_CONVERSION = YES;
				CLANG_WARN_NON_LITERAL_NULL_CONVERSION = YES;
				CLANG_WARN_OBJC_IMPLICIT_RETAIN_SELF = YES;
				CLANG_WARN_OBJC_LITERAL_CONVERSION = YES;
				CLANG_WARN_OBJC_ROOT_CLASS = YES_ERROR;
				CLANG_WARN_QUOTED_INCLUDE_IN_FRAMEWORK_HEADER = YES;
				CLANG_WARN_RANGE_LOOP_ANALYSIS = YES;
				CLANG_WARN_STRICT_PROTOTYPES = YES;
				CLANG_WARN_SUSPICIOUS_MOVE = YES;
				CLANG_WARN_UNGUARDED_AVAILABILITY = YES_AGGRESSIVE;
				CLANG_WARN_UNREACHABLE_CODE = YES;
				CLANG_WARN__DUPLICATE_METHOD_MATCH = YES;
				COPY_PHASE_STRIP = NO;
				DEBUG_INFORMATION_FORMAT = dwarf;
				ENABLE_STRICT_OBJC_MSGSEND = YES;
				ENABLE_TESTABILITY = YES;
				ENABLE_USER_SCRIPT_SANDBOXING = YES;
				GCC_C_LANGUAGE_STANDARD = gnu17;
				GCC_DYNAMIC_NO_PIC = NO;
				GCC_NO_COMMON_BLOCKS = YES;
				GCC_OPTIMIZATION_LEVEL = 0;
				GCC_PREPROCESSOR_DEFINITIONS = (
					"DEBUG=1",
					"$(inherited)",
				);
				GCC_WARN_64_TO_32_BIT_CONVERSION = YES;
				GCC_WARN_ABOUT_RETURN_TYPE = YES_ERROR;
				GCC_WARN_UNDECLARED_SELECTOR = YES;
				GCC_WARN_UNINITIALIZED_AUTOS = YES_AGGRESSIVE;
				GCC_WARN_UNUSED_FUNCTION = YES;
				GCC_WARN_UNUSED_VARIABLE = YES;
				LOCALIZATION_PREFERS_STRING_CATALOGS = YES;
				MACOSX_DEPLOYMENT_TARGET = 14.0;
				MTL_ENABLE_DEBUG_INFO = INCLUDE_SOURCE;
				MTL_FAST_MATH = YES;
				ONLY_ACTIVE_ARCH = YES;
				SDKROOT = macosx;
				SWIFT_ACTIVE_COMPILATION_CONDITIONS = "DEBUG $(inherited)";
				SWIFT_OPTIMIZATION_LEVEL = "-Onone";
			};
			name = Debug;
		};
		400AB5732BE1E818006A2AAB /* Release */ = {
			isa = XCBuildConfiguration;
			buildSettings = {
				ALWAYS_SEARCH_USER_PATHS = NO;
				ASSETCATALOG_COMPILER_GENERATE_SWIFT_ASSET_SYMBOL_EXTENSIONS = YES;
				CLANG_ANALYZER_NONNULL = YES;
				CLANG_ANALYZER_NUMBER_OBJECT_CONVERSION = YES_AGGRESSIVE;
				CLANG_CXX_LANGUAGE_STANDARD = "gnu++20";
				CLANG_ENABLE_MODULES = YES;
				CLANG_ENABLE_OBJC_ARC = YES;
				CLANG_ENABLE_OBJC_WEAK = YES;
				CLANG_WARN_BLOCK_CAPTURE_AUTORELEASING = YES;
				CLANG_WARN_BOOL_CONVERSION = YES;
				CLANG_WARN_COMMA = YES;
				CLANG_WARN_CONSTANT_CONVERSION = YES;
				CLANG_WARN_DEPRECATED_OBJC_IMPLEMENTATIONS = YES;
				CLANG_WARN_DIRECT_OBJC_ISA_USAGE = YES_ERROR;
				CLANG_WARN_DOCUMENTATION_COMMENTS = YES;
				CLANG_WARN_EMPTY_BODY = YES;
				CLANG_WARN_ENUM_CONVERSION = YES;
				CLANG_WARN_INFINITE_RECURSION = YES;
				CLANG_WARN_INT_CONVERSION = YES;
				CLANG_WARN_NON_LITERAL_NULL_CONVERSION = YES;
				CLANG_WARN_OBJC_IMPLICIT_RETAIN_SELF = YES;
				CLANG_WARN_OBJC_LITERAL_CONVERSION = YES;
				CLANG_WARN_OBJC_ROOT_CLASS = YES_ERROR;
				CLANG_WARN_QUOTED_INCLUDE_IN_FRAMEWORK_HEADER = YES;
				CLANG_WARN_RANGE_LOOP_ANALYSIS = YES;
				CLANG_WARN_STRICT_PROTOTYPES = YES;
				CLANG_WARN_SUSPICIOUS_MOVE = YES;
				CLANG_WARN_UNGUARDED_AVAILABILITY = YES_AGGRESSIVE;
				CLANG_WARN_UNREACHABLE_CODE = YES;
				CLANG_WARN__DUPLICATE_METHOD_MATCH = YES;
				COPY_PHASE_STRIP = NO;
				DEBUG_INFORMATION_FORMAT = "dwarf-with-dsym";
				ENABLE_NS_ASSERTIONS = NO;
				ENABLE_STRICT_OBJC_MSGSEND = YES;
				ENABLE_USER_SCRIPT_SANDBOXING = YES;
				GCC_C_LANGUAGE_STANDARD = gnu17;
				GCC_NO_COMMON_BLOCKS = YES;
				GCC_WARN_64_TO_32_BIT_CONVERSION = YES;
				GCC_WARN_ABOUT_RETURN_TYPE = YES_ERROR;
				GCC_WARN_UNDECLARED_SELECTOR = YES;
				GCC_WARN_UNINITIALIZED_AUTOS = YES_AGGRESSIVE;
				GCC_WARN_UNUSED_FUNCTION = YES;
				GCC_WARN_UNUSED_VARIABLE = YES;
				LOCALIZATION_PREFERS_STRING_CATALOGS = YES;
				MACOSX_DEPLOYMENT_TARGET = 14.0;
				MTL_ENABLE_DEBUG_INFO = NO;
				MTL_FAST_MATH = YES;
				SDKROOT = macosx;
				SWIFT_COMPILATION_MODE = wholemodule;
			};
			name = Release;
		};
		400AB5752BE1E818006A2AAB /* Debug */ = {
			isa = XCBuildConfiguration;
			buildSettings = {
				CODE_SIGN_STYLE = Automatic;
				DEVELOPMENT_TEAM = 85329TR25G;
				ENABLE_HARDENED_RUNTIME = YES;
				PRODUCT_NAME = "$(TARGET_NAME)";
				SWIFT_VERSION = 5.0;
			};
			name = Debug;
		};
		400AB5762BE1E818006A2AAB /* Release */ = {
			isa = XCBuildConfiguration;
			buildSettings = {
				CODE_SIGN_STYLE = Automatic;
				DEVELOPMENT_TEAM = 85329TR25G;
				ENABLE_HARDENED_RUNTIME = YES;
				PRODUCT_NAME = "$(TARGET_NAME)";
				SWIFT_VERSION = 5.0;
			};
			name = Release;
		};
/* End XCBuildConfiguration section */

/* Begin XCConfigurationList section */
		400AB5682BE1E817006A2AAB /* Build configuration list for PBXProject "AlgorithmSeason2" */ = {
			isa = XCConfigurationList;
			buildConfigurations = (
				400AB5722BE1E818006A2AAB /* Debug */,
				400AB5732BE1E818006A2AAB /* Release */,
			);
			defaultConfigurationIsVisible = 0;
			defaultConfigurationName = Release;
		};
		400AB5742BE1E818006A2AAB /* Build configuration list for PBXNativeTarget "AlgorithmSeason2" */ = {
			isa = XCConfigurationList;
			buildConfigurations = (
				400AB5752BE1E818006A2AAB /* Debug */,
				400AB5762BE1E818006A2AAB /* Release */,
			);
			defaultConfigurationIsVisible = 0;
			defaultConfigurationName = Release;
		};
/* End XCConfigurationList section */
	};
	rootObject = 400AB5652BE1E817006A2AAB /* Project object */;
}
